# This file is automatically @generated by Cargo.
# It is not intended for manual editing.
version = 4

[[package]]
name = "vision-core"
version = "0.1.0"
dependencies = [
 "vision-proto",
]

[[package]]
name = "vision-daemon"
version = "0.1.0"
dependencies = [
 "vision-core",
]

[[package]]
name = "vision-proto"
version = "0.1.0"
